PODS:
  - FlutterMacOS (1.0.0)
  - yaru_window (0.0.1):
    - FlutterMacOS

DEPENDENCIES:
  - FlutterMacOS (from `Flutter/ephemeral`)
  - yaru_window (from `Flutter/ephemeral/.symlinks/plugins/yaru_window/macos`)

EXTERNAL SOURCES:
  FlutterMacOS:
    :path: Flutter/ephemeral
  yaru_window:
    :path: Flutter/ephemeral/.symlinks/plugins/yaru_window/macos

SPEC CHECKSUMS:
  FlutterMacOS: ae6af50a8ea7d6103d888583d46bd8328a7e9811
  yaru_window: 6273343266eea0ba659462d454a3de9d874e37a7

PODFILE CHECKSUM: 6eac6b3292e5142cfc23bdeb71848a40ec51c14c

COCOAPODS: 1.11.2
